// !$*UTF8*$!
{
	archiveVersion = 1;
	classes = {};
	objectVersion = 77;
	objects = {
		A10000000000000000000001 = {
			isa = PBXFileSystemSynchronizedRootGroup;
			path = Sources;
			sourceTree = "<group>";
		};
		A10000000000000000000002 = {
			isa = PBXGroup;
			children = (A10000000000000000000001, A10000000000000000000003);
			sourceTree = "<group>";
		};
		A10000000000000000000003 = {
			isa = PBXGroup;
			name = Products;
			children = (A10000000000000000000004);
			sourceTree = "<group>";
		};
		A10000000000000000000004 = {
			isa = PBXFileReference;
			explicitFileType = wrapper.application;
			includeInIndex = 0;
			path = FindAll.app;
			sourceTree = BUILT_PRODUCTS_DIR;
		};
		A10000000000000000000005 = {
			isa = PBXNativeTarget;
			buildConfigurationList = A10000000000000000000010;
			buildPhases = (A10000000000000000000006, A10000000000000000000007, A10000000000000000000008);
			buildRules = ();
			dependencies = ();
			fileSystemSynchronizedGroups = (A10000000000000000000001);
			name = FindAll;
			packageProductDependencies = ();
			productName = FindAll;
			productReference = A10000000000000000000004;
			productType = "com.apple.product-type.application";
		};
		A10000000000000000000006 = { isa = PBXSourcesBuildPhase; buildActionMask = 2147483647; files = (); runOnlyForDeploymentPostprocessing = 0; };
		A10000000000000000000007 = { isa = PBXFrameworksBuildPhase; buildActionMask = 2147483647; files = (); runOnlyForDeploymentPostprocessing = 0; };
		A10000000000000000000008 = { isa = PBXResourcesBuildPhase; buildActionMask = 2147483647; files = (); runOnlyForDeploymentPostprocessing = 0; };
		A10000000000000000000009 = {
			isa = PBXProject;
			attributes = { BuildIndependentTargetsInParallel = 1; LastSwiftUpdateCheck = 2600; LastUpgradeCheck = 2600; TargetAttributes = { A10000000000000000000005 = { CreatedOnToolsVersion = 26.0; }; }; };
			buildConfigurationList = A10000000000000000000011;
			compatibilityVersion = "Xcode 16.0";
			developmentRegion = en;
			hasScannedForEncodings = 0;
			knownRegions = (en, "zh-Hans", Base);
			mainGroup = A10000000000000000000002;
			productRefGroup = A10000000000000000000003;
			projectDirPath = "";
			projectRoot = "";
			targets = (A10000000000000000000005);
		};
		A10000000000000000000010 = { isa = XCConfigurationList; buildConfigurations = (A10000000000000000000012, A10000000000000000000013); defaultConfigurationIsVisible = 0; defaultConfigurationName = Release; };
		A10000000000000000000011 = { isa = XCConfigurationList; buildConfigurations = (A10000000000000000000014, A10000000000000000000015); defaultConfigurationIsVisible = 0; defaultConfigurationName = Release; };
		A10000000000000000000012 = {
			isa = XCBuildConfiguration;
			buildSettings = {
				ASSETCATALOG_COMPILER_GLOBAL_ACCENT_COLOR_NAME = AccentColor;
				CODE_SIGN_STYLE = Automatic;
				COMBINE_HIDPI_IMAGES = YES;
				CURRENT_PROJECT_VERSION = 1;
				DEVELOPMENT_TEAM = "";
				ENABLE_DEBUG_DYLIB = NO;
				GENERATE_INFOPLIST_FILE = NO;
				INFOPLIST_FILE = Config/Info.plist;
				LD_RUNPATH_SEARCH_PATHS = "$(inherited) @executable_path/../Frameworks";
				MACOSX_DEPLOYMENT_TARGET = 14.0;
				MARKETING_VERSION = 0.1.0;
				PRODUCT_BUNDLE_IDENTIFIER = com.lalalaladam.FindAll;
				PRODUCT_NAME = "$(TARGET_NAME)";
				SDKROOT = macosx;
				SWIFT_EMIT_LOC_STRINGS = YES;
				SWIFT_VERSION = 5.0;
			};
			name = Debug;
		};
		A10000000000000000000013 = {
			isa = XCBuildConfiguration;
			buildSettings = {
				ASSETCATALOG_COMPILER_GLOBAL_ACCENT_COLOR_NAME = AccentColor;
				CODE_SIGN_STYLE = Automatic;
				COMBINE_HIDPI_IMAGES = YES;
				CURRENT_PROJECT_VERSION = 1;
				DEVELOPMENT_TEAM = "";
				GENERATE_INFOPLIST_FILE = NO;
				INFOPLIST_FILE = Config/Info.plist;
				LD_RUNPATH_SEARCH_PATHS = "$(inherited) @executable_path/../Frameworks";
				MACOSX_DEPLOYMENT_TARGET = 14.0;
				MARKETING_VERSION = 0.1.0;
				PRODUCT_BUNDLE_IDENTIFIER = com.lalalaladam.FindAll;
				PRODUCT_NAME = "$(TARGET_NAME)";
				SDKROOT = macosx;
				SWIFT_COMPILATION_MODE = wholemodule;
				SWIFT_VERSION = 5.0;
			};
			name = Release;
		};
		A10000000000000000000014 = {
			isa = XCBuildConfiguration;
			buildSettings = { CLANG_ENABLE_MODULES = YES; CLANG_ENABLE_OBJC_ARC = YES; SWIFT_ACTIVE_COMPILATION_CONDITIONS = DEBUG; SWIFT_OPTIMIZATION_LEVEL = "-Onone"; };
			name = Debug;
		};
		A10000000000000000000015 = {
			isa = XCBuildConfiguration;
			buildSettings = { CLANG_ENABLE_MODULES = YES; CLANG_ENABLE_OBJC_ARC = YES; SWIFT_OPTIMIZATION_LEVEL = "-O"; };
			name = Release;
		};
	};
	rootObject = A10000000000000000000009;
}
